// !$*UTF8*$!
{
	archiveVersion = 1;
	classes = {
	};
	objectVersion = 56;
	objects = {

/* Begin PBXBuildFile section */
		111DB1DE2C91EC4200E17097 /* MapAnnotationManager.swift in Sources */ = {isa = PBXBuildFile; fileRef = 111DB1DD2C91EC4200E17097 /* MapAnnotationManager.swift */; };
		111DB1E02C92310400E17097 /* SearchPersistence.swift in Sources */ = {isa = PBXBuildFile; fileRef = 111DB1DF2C92310400E17097 /* SearchPersistence.swift */; };
		111DB1E22C92367E00E17097 /* MapViewController+MapHandling.swift in Sources */ = {isa = PBXBuildFile; fileRef = 111DB1E12C92367E00E17097 /* MapViewController+MapHandling.swift */; };
		111DB1E62C9237A200E17097 /* MapViewController+Actions.swift in Sources */ = {isa = PBXBuildFile; fileRef = 111DB1E52C9237A200E17097 /* MapViewController+Actions.swift */; };
		111DB1E82C9238CC00E17097 /* UIViewController+DismissKeyboard.swift in Sources */ = {isa = PBXBuildFile; fileRef = 111DB1E72C9238CC00E17097 /* UIViewController+DismissKeyboard.swift */; };
		111DB1EA2C92390D00E17097 /* SearchViewController+TableHandling.swift in Sources */ = {isa = PBXBuildFile; fileRef = 111DB1E92C92390D00E17097 /* SearchViewController+TableHandling.swift */; };
		111DB1EC2C92396600E17097 /* SearchViewController+Actions.swift in Sources */ = {isa = PBXBuildFile; fileRef = 111DB1EB2C92396600E17097 /* SearchViewController+Actions.swift */; };
		115B37032C90A198000AFEE7 /* Location.swift in Sources */ = {isa = PBXBuildFile; fileRef = 115B37022C90A198000AFEE7 /* Location.swift */; };
		115B370B2C90A724000AFEE7 /* SearchResult.swift in Sources */ = {isa = PBXBuildFile; fileRef = 115B370A2C90A724000AFEE7 /* SearchResult.swift */; };
		115B370D2C90A86C000AFEE7 /* SearchResponse.swift in Sources */ = {isa = PBXBuildFile; fileRef = 115B370C2C90A86C000AFEE7 /* SearchResponse.swift */; };
		115B370F2C90B5A2000AFEE7 /* APIConfig.swift in Sources */ = {isa = PBXBuildFile; fileRef = 115B370E2C90B5A2000AFEE7 /* APIConfig.swift */; };
		115B37112C90B763000AFEE7 /* SearchService.swift in Sources */ = {isa = PBXBuildFile; fileRef = 115B37102C90B763000AFEE7 /* SearchService.swift */; };
		11AF37EE2C8F949900EB87BE /* SearchViewController.swift in Sources */ = {isa = PBXBuildFile; fileRef = 11AF37ED2C8F949900EB87BE /* SearchViewController.swift */; };
		11B561E62C8F165600292737 /* AppDelegate.swift in Sources */ = {isa = PBXBuildFile; fileRef = 11B561E52C8F165600292737 /* AppDelegate.swift */; };
		11B561E82C8F165600292737 /* SceneDelegate.swift in Sources */ = {isa = PBXBuildFile; fileRef = 11B561E72C8F165600292737 /* SceneDelegate.swift */; };
		11B561ED2C8F165600292737 /* Base in Resources */ = {isa = PBXBuildFile; fileRef = 11B561EC2C8F165600292737 /* Base */; };
		11B561EF2C8F165800292737 /* Assets.xcassets in Resources */ = {isa = PBXBuildFile; fileRef = 11B561EE2C8F165800292737 /* Assets.xcassets */; };
		11B561F22C8F165800292737 /* Base in Resources */ = {isa = PBXBuildFile; fileRef = 11B561F12C8F165800292737 /* Base */; };
		11B561FD2C8F165800292737 /* NeshanAPITests.swift in Sources */ = {isa = PBXBuildFile; fileRef = 11B561FC2C8F165800292737 /* NeshanAPITests.swift */; };
		11B562072C8F165800292737 /* NeshanAPIUITests.swift in Sources */ = {isa = PBXBuildFile; fileRef = 11B562062C8F165800292737 /* NeshanAPIUITests.swift */; };
		11B562092C8F165800292737 /* NeshanAPIUITestsLaunchTests.swift in Sources */ = {isa = PBXBuildFile; fileRef = 11B562082C8F165800292737 /* NeshanAPIUITestsLaunchTests.swift */; };
		11B5621E2C8F1CDD00292737 /* MapViewController.swift in Sources */ = {isa = PBXBuildFile; fileRef = 11B5621D2C8F1CDD00292737 /* MapViewController.swift */; };
		11B562252C8F393E00292737 /* LocationManager.swift in Sources */ = {isa = PBXBuildFile; fileRef = 11B562242C8F393E00292737 /* LocationManager.swift */; };
/* End PBXBuildFile section */

/* Begin PBXContainerItemProxy section */
		11B561F92C8F165800292737 /* PBXContainerItemProxy */ = {
			isa = PBXContainerItemProxy;
			containerPortal = 11B561DA2C8F165600292737 /* Project object */;
			proxyType = 1;
			remoteGlobalIDString = 11B561E12C8F165600292737;
			remoteInfo = NeshanAPI;
		};
		11B562032C8F165800292737 /* PBXContainerItemProxy */ = {
			isa = PBXContainerItemProxy;
			containerPortal = 11B561DA2C8F165600292737 /* Project object */;
			proxyType = 1;
			remoteGlobalIDString = 11B561E12C8F165600292737;
			remoteInfo = NeshanAPI;
		};
/* End PBXContainerItemProxy section */

/* Begin PBXFileReference section */
		111DB1DD2C91EC4200E17097 /* MapAnnotationManager.swift */ = {isa = PBXFileReference; lastKnownFileType = sourcecode.swift; path = MapAnnotationManager.swift; sourceTree = "<group>"; };
		111DB1DF2C92310400E17097 /* SearchPersistence.swift */ = {isa = PBXFileReference; lastKnownFileType = sourcecode.swift; path = SearchPersistence.swift; sourceTree = "<group>"; };
		111DB1E12C92367E00E17097 /* MapViewController+MapHandling.swift */ = {isa = PBXFileReference; lastKnownFileType = sourcecode.swift; path = "MapViewController+MapHandling.swift"; sourceTree = "<group>"; };
		111DB1E52C9237A200E17097 /* MapViewController+Actions.swift */ = {isa = PBXFileReference; lastKnownFileType = sourcecode.swift; path = "MapViewController+Actions.swift"; sourceTree = "<group>"; };
		111DB1E72C9238CC00E17097 /* UIViewController+DismissKeyboard.swift */ = {isa = PBXFileReference; lastKnownFileType = sourcecode.swift; path = "UIViewController+DismissKeyboard.swift"; sourceTree = "<group>"; };
		111DB1E92C92390D00E17097 /* SearchViewController+TableHandling.swift */ = {isa = PBXFileReference; lastKnownFileType = sourcecode.swift; path = "SearchViewController+TableHandling.swift"; sourceTree = "<group>"; };
		111DB1EB2C92396600E17097 /* SearchViewController+Actions.swift */ = {isa = PBXFileReference; lastKnownFileType = sourcecode.swift; path = "SearchViewController+Actions.swift"; sourceTree = "<group>"; };
		115B37022C90A198000AFEE7 /* Location.swift */ = {isa = PBXFileReference; lastKnownFileType = sourcecode.swift; path = Location.swift; sourceTree = "<group>"; };
		115B370A2C90A724000AFEE7 /* SearchResult.swift */ = {isa = PBXFileReference; lastKnownFileType = sourcecode.swift; path = SearchResult.swift; sourceTree = "<group>"; };
		115B370C2C90A86C000AFEE7 /* SearchResponse.swift */ = {isa = PBXFileReference; lastKnownFileType = sourcecode.swift; path = SearchResponse.swift; sourceTree = "<group>"; };
		115B370E2C90B5A2000AFEE7 /* APIConfig.swift */ = {isa = PBXFileReference; lastKnownFileType = sourcecode.swift; path = APIConfig.swift; sourceTree = "<group>"; };
		115B37102C90B763000AFEE7 /* SearchService.swift */ = {isa = PBXFileReference; lastKnownFileType = sourcecode.swift; path = SearchService.swift; sourceTree = "<group>"; };
		11AF37ED2C8F949900EB87BE /* SearchViewController.swift */ = {isa = PBXFileReference; lastKnownFileType = sourcecode.swift; path = SearchViewController.swift; sourceTree = "<group>"; };
		11B561E22C8F165600292737 /* NeshanAPI.app */ = {isa = PBXFileReference; explicitFileType = wrapper.application; includeInIndex = 0; path = NeshanAPI.app; sourceTree = BUILT_PRODUCTS_DIR; };
		11B561E52C8F165600292737 /* AppDelegate.swift */ = {isa = PBXFileReference; lastKnownFileType = sourcecode.swift; path = AppDelegate.swift; sourceTree = "<group>"; };
		11B561E72C8F165600292737 /* SceneDelegate.swift */ = {isa = PBXFileReference; lastKnownFileType = sourcecode.swift; path = SceneDelegate.swift; sourceTree = "<group>"; };
		11B561EC2C8F165600292737 /* Base */ = {isa = PBXFileReference; lastKnownFileType = file.storyboard; name = Base; path = Base.lproj/Main.storyboard; sourceTree = "<group>"; };
		11B561EE2C8F165800292737 /* Assets.xcassets */ = {isa = PBXFileReference; lastKnownFileType = folder.assetcatalog; path = Assets.xcassets; sourceTree = "<group>"; };
		11B561F12C8F165800292737 /* Base */ = {isa = PBXFileReference; lastKnownFileType = file.storyboard; name = Base; path = Base.lproj/LaunchScreen.storyboard; sourceTree = "<group>"; };
		11B561F32C8F165800292737 /* Info.plist */ = {isa = PBXFileReference; lastKnownFileType = text.plist.xml; path = Info.plist; sourceTree = "<group>"; };
		11B561F82C8F165800292737 /* NeshanAPITests.xctest */ = {isa = PBXFileReference; explicitFileType = wrapper.cfbundle; includeInIndex = 0; path = NeshanAPITests.xctest; sourceTree = BUILT_PRODUCTS_DIR; };
		11B561FC2C8F165800292737 /* NeshanAPITests.swift */ = {isa = PBXFileReference; lastKnownFileType = sourcecode.swift; path = NeshanAPITests.swift; sourceTree = "<group>"; };
		11B562022C8F165800292737 /* NeshanAPIUITests.xctest */ = {isa = PBXFileReference; explicitFileType = wrapper.cfbundle; includeInIndex = 0; path = NeshanAPIUITests.xctest; sourceTree = BUILT_PRODUCTS_DIR; };
		11B562062C8F165800292737 /* NeshanAPIUITests.swift */ = {isa = PBXFileReference; lastKnownFileType = sourcecode.swift; path = NeshanAPIUITests.swift; sourceTree = "<group>"; };
		11B562082C8F165800292737 /* NeshanAPIUITestsLaunchTests.swift */ = {isa = PBXFileReference; lastKnownFileType = sourcecode.swift; path = NeshanAPIUITestsLaunchTests.swift; sourceTree = "<group>"; };
		11B5621D2C8F1CDD00292737 /* MapViewController.swift */ = {isa = PBXFileReference; lastKnownFileType = sourcecode.swift; path = MapViewController.swift; sourceTree = "<group>"; };
		11B562242C8F393E00292737 /* LocationManager.swift */ = {isa = PBXFileReference; lastKnownFileType = sourcecode.swift; path = LocationManager.swift; sourceTree = "<group>"; };
/* End PBXFileReference section */

/* Begin PBXFrameworksBuildPhase section */
		11B561DF2C8F165600292737 /* Frameworks */ = {
			isa = PBXFrameworksBuildPhase;
			buildActionMask = 2147483647;
			files = (
			);
			runOnlyForDeploymentPostprocessing = 0;
		};
		11B561F52C8F165800292737 /* Frameworks */ = {
			isa = PBXFrameworksBuildPhase;
			buildActionMask = 2147483647;
			files = (
			);
			runOnlyForDeploymentPostprocessing = 0;
		};
		11B561FF2C8F165800292737 /* Frameworks */ = {
			isa = PBXFrameworksBuildPhase;
			buildActionMask = 2147483647;
			files = (
			);
			runOnlyForDeploymentPostprocessing = 0;
		};
/* End PBXFrameworksBuildPhase section */

/* Begin PBXGroup section */
		11B561D92C8F165600292737 = {
			isa = PBXGroup;
			children = (
				11B561E42C8F165600292737 /* NeshanAPI */,
				11B561FB2C8F165800292737 /* NeshanAPITests */,
				11B562052C8F165800292737 /* NeshanAPIUITests */,
				11B561E32C8F165600292737 /* Products */,
			);
			sourceTree = "<group>";
		};
		11B561E32C8F165600292737 /* Products */ = {
			isa = PBXGroup;
			children = (
				11B561E22C8F165600292737 /* NeshanAPI.app */,
				11B561F82C8F165800292737 /* NeshanAPITests.xctest */,
				11B562022C8F165800292737 /* NeshanAPIUITests.xctest */,
			);
			name = Products;
			sourceTree = "<group>";
		};
		11B561E42C8F165600292737 /* NeshanAPI */ = {
			isa = PBXGroup;
			children = (
				11B562152C8F18A800292737 /* Models */,
				11B562162C8F18B200292737 /* ViewControllers */,
				11B562172C8F18C100292737 /* Storyboards */,
				11B562232C8F387200292737 /* Services */,
				11B562182C8F18CA00292737 /* Assets */,
				11B562192C8F18D300292737 /* SupportingFiles */,
			);
			path = NeshanAPI;
			sourceTree = "<group>";
		};
		11B561FB2C8F165800292737 /* NeshanAPITests */ = {
			isa = PBXGroup;
			children = (
				11B561FC2C8F165800292737 /* NeshanAPITests.swift */,
			);
			path = NeshanAPITests;
			sourceTree = "<group>";
		};
		11B562052C8F165800292737 /* NeshanAPIUITests */ = {
			isa = PBXGroup;
			children = (
				11B562062C8F165800292737 /* NeshanAPIUITests.swift */,
				11B562082C8F165800292737 /* NeshanAPIUITestsLaunchTests.swift */,
			);
			path = NeshanAPIUITests;
			sourceTree = "<group>";
		};
		11B562152C8F18A800292737 /* Models */ = {
			isa = PBXGroup;
			children = (
				115B37022C90A198000AFEE7 /* Location.swift */,
				115B370A2C90A724000AFEE7 /* SearchResult.swift */,
				115B370C2C90A86C000AFEE7 /* SearchResponse.swift */,
			);
			path = Models;
			sourceTree = "<group>";
		};
		11B562162C8F18B200292737 /* ViewControllers */ = {
			isa = PBXGroup;
			children = (
				11B5621D2C8F1CDD00292737 /* MapViewController.swift */,
				111DB1E52C9237A200E17097 /* MapViewController+Actions.swift */,
				111DB1E12C92367E00E17097 /* MapViewController+MapHandling.swift */,
				11AF37ED2C8F949900EB87BE /* SearchViewController.swift */,
				111DB1EB2C92396600E17097 /* SearchViewController+Actions.swift */,
				111DB1E92C92390D00E17097 /* SearchViewController+TableHandling.swift */,
				111DB1E72C9238CC00E17097 /* UIViewController+DismissKeyboard.swift */,
			);
			path = ViewControllers;
			sourceTree = "<group>";
		};
		11B562172C8F18C100292737 /* Storyboards */ = {
			isa = PBXGroup;
			children = (
				11B561EB2C8F165600292737 /* Main.storyboard */,
			);
			path = Storyboards;
			sourceTree = "<group>";
		};
		11B562182C8F18CA00292737 /* Assets */ = {
			isa = PBXGroup;
			children = (
				11B561EE2C8F165800292737 /* Assets.xcassets */,
			);
			path = Assets;
			sourceTree = "<group>";
		};
		11B562192C8F18D300292737 /* SupportingFiles */ = {
			isa = PBXGroup;
			children = (
				11B561E52C8F165600292737 /* AppDelegate.swift */,
				11B561E72C8F165600292737 /* SceneDelegate.swift */,
				11B561F02C8F165800292737 /* LaunchScreen.storyboard */,
				11B561F32C8F165800292737 /* Info.plist */,
			);
			path = SupportingFiles;
			sourceTree = "<group>";
		};
		11B562232C8F387200292737 /* Services */ = {
			isa = PBXGroup;
			children = (
				11B562242C8F393E00292737 /* LocationManager.swift */,
				115B370E2C90B5A2000AFEE7 /* APIConfig.swift */,
				115B37102C90B763000AFEE7 /* SearchService.swift */,
				111DB1DD2C91EC4200E17097 /* MapAnnotationManager.swift */,
				111DB1DF2C92310400E17097 /* SearchPersistence.swift */,
			);
			path = Services;
			sourceTree = "<group>";
		};
/* End PBXGroup section */

/* Begin PBXNativeTarget section */
		11B561E12C8F165600292737 /* NeshanAPI */ = {
			isa = PBXNativeTarget;
			buildConfigurationList = 11B5620C2C8F165800292737 /* Build configuration list for PBXNativeTarget "NeshanAPI" */;
			buildPhases = (
				11B561DE2C8F165600292737 /* Sources */,
				11B561DF2C8F165600292737 /* Frameworks */,
				11B561E02C8F165600292737 /* Resources */,
			);
			buildRules = (
			);
			dependencies = (
			);
			name = NeshanAPI;
			productName = NeshanAPI;
			productReference = 11B561E22C8F165600292737 /* NeshanAPI.app */;
			productType = "com.apple.product-type.application";
		};
		11B561F72C8F165800292737 /* NeshanAPITests */ = {
			isa = PBXNativeTarget;
			buildConfigurationList = 11B5620F2C8F165800292737 /* Build configuration list for PBXNativeTarget "NeshanAPITests" */;
			buildPhases = (
				11B561F42C8F165800292737 /* Sources */,
				11B561F52C8F165800292737 /* Frameworks */,
				11B561F62C8F165800292737 /* Resources */,
			);
			buildRules = (
			);
			dependencies = (
				11B561FA2C8F165800292737 /* PBXTargetDependency */,
			);
			name = NeshanAPITests;
			productName = NeshanAPITests;
			productReference = 11B561F82C8F165800292737 /* NeshanAPITests.xctest */;
			productType = "com.apple.product-type.bundle.unit-test";
		};
		11B562012C8F165800292737 /* NeshanAPIUITests */ = {
			isa = PBXNativeTarget;
			buildConfigurationList = 11B562122C8F165800292737 /* Build configuration list for PBXNativeTarget "NeshanAPIUITests" */;
			buildPhases = (
				11B561FE2C8F165800292737 /* Sources */,
				11B561FF2C8F165800292737 /* Frameworks */,
				11B562002C8F165800292737 /* Resources */,
			);
			buildRules = (
			);
			dependencies = (
				11B562042C8F165800292737 /* PBXTargetDependency */,
			);
			name = NeshanAPIUITests;
			productName = NeshanAPIUITests;
			productReference = 11B562022C8F165800292737 /* NeshanAPIUITests.xctest */;
			productType = "com.apple.product-type.bundle.ui-testing";
		};
/* End PBXNativeTarget section */

/* Begin PBXProject section */
		11B561DA2C8F165600292737 /* Project object */ = {
			isa = PBXProject;
			attributes = {
				BuildIndependentTargetsInParallel = 1;
				LastSwiftUpdateCheck = 1540;
				LastUpgradeCheck = 1540;
				TargetAttributes = {
					11B561E12C8F165600292737 = {
						CreatedOnToolsVersion = 15.4;
					};
					11B561F72C8F165800292737 = {
						CreatedOnToolsVersion = 15.4;
						TestTargetID = 11B561E12C8F165600292737;
					};
					11B562012C8F165800292737 = {
						CreatedOnToolsVersion = 15.4;
						TestTargetID = 11B561E12C8F165600292737;
					};
				};
			};
			buildConfigurationList = 11B561DD2C8F165600292737 /* Build configuration list for PBXProject "NeshanAPI" */;
			compatibilityVersion = "Xcode 14.0";
			developmentRegion = en;
			hasScannedForEncodings = 0;
			knownRegions = (
				en,
				Base,
			);
			mainGroup = 11B561D92C8F165600292737;
			productRefGroup = 11B561E32C8F165600292737 /* Products */;
			projectDirPath = "";
			projectRoot = "";
			targets = (
				11B561E12C8F165600292737 /* NeshanAPI */,
				11B561F72C8F165800292737 /* NeshanAPITests */,
				11B562012C8F165800292737 /* NeshanAPIUITests */,
			);
		};
/* End PBXProject section */

/* Begin PBXResourcesBuildPhase section */
		11B561E02C8F165600292737 /* Resources */ = {
			isa = PBXResourcesBuildPhase;
			buildActionMask = 2147483647;
			files = (
				11B561EF2C8F165800292737 /* Assets.xcassets in Resources */,
				11B561F22C8F165800292737 /* Base in Resources */,
				11B561ED2C8F165600292737 /* Base in Resources */,
			);
			runOnlyForDeploymentPostprocessing = 0;
		};
		11B561F62C8F165800292737 /* Resources */ = {
			isa = PBXResourcesBuildPhase;
			buildActionMask = 2147483647;
			files = (
			);
			runOnlyForDeploymentPostprocessing = 0;
		};
		11B562002C8F165800292737 /* Resources */ = {
			isa = PBXResourcesBuildPhase;
			buildActionMask = 2147483647;
			files = (
			);
			runOnlyForDeploymentPostprocessing = 0;
		};
/* End PBXResourcesBuildPhase section */

/* Begin PBXSourcesBuildPhase section */
		11B561DE2C8F165600292737 /* Sources */ = {
			isa = PBXSourcesBuildPhase;
			buildActionMask = 2147483647;
			files = (
				111DB1EA2C92390D00E17097 /* SearchViewController+TableHandling.swift in Sources */,
				11AF37EE2C8F949900EB87BE /* SearchViewController.swift in Sources */,
				111DB1E22C92367E00E17097 /* MapViewController+MapHandling.swift in Sources */,
				115B370B2C90A724000AFEE7 /* SearchResult.swift in Sources */,
				11B562252C8F393E00292737 /* LocationManager.swift in Sources */,
				111DB1E02C92310400E17097 /* SearchPersistence.swift in Sources */,
				111DB1E62C9237A200E17097 /* MapViewController+Actions.swift in Sources */,
				11B561E62C8F165600292737 /* AppDelegate.swift in Sources */,
				115B370D2C90A86C000AFEE7 /* SearchResponse.swift in Sources */,
				111DB1DE2C91EC4200E17097 /* MapAnnotationManager.swift in Sources */,
				115B370F2C90B5A2000AFEE7 /* APIConfig.swift in Sources */,
				111DB1EC2C92396600E17097 /* SearchViewController+Actions.swift in Sources */,
				111DB1E82C9238CC00E17097 /* UIViewController+DismissKeyboard.swift in Sources */,
				11B561E82C8F165600292737 /* SceneDelegate.swift in Sources */,
				115B37112C90B763000AFEE7 /* SearchService.swift in Sources */,
				115B37032C90A198000AFEE7 /* Location.swift in Sources */,
				11B5621E2C8F1CDD00292737 /* MapViewController.swift in Sources */,
			);
			runOnlyForDeploymentPostprocessing = 0;
		};
		11B561F42C8F165800292737 /* Sources */ = {
			isa = PBXSourcesBuildPhase;
			buildActionMask = 2147483647;
			files = (
				11B561FD2C8F165800292737 /* NeshanAPITests.swift in Sources */,
			);
			runOnlyForDeploymentPostprocessing = 0;
		};
		11B561FE2C8F165800292737 /* Sources */ = {
			isa = PBXSourcesBuildPhase;
			buildActionMask = 2147483647;
			files = (
				11B562092C8F165800292737 /* NeshanAPIUITestsLaunchTests.swift in Sources */,
				11B562072C8F165800292737 /* NeshanAPIUITests.swift in Sources */,
			);
			runOnlyForDeploymentPostprocessing = 0;
		};
/* End PBXSourcesBuildPhase section */

/* Begin PBXTargetDependency section */
		11B561FA2C8F165800292737 /* PBXTargetDependency */ = {
			isa = PBXTargetDependency;
			target = 11B561E12C8F165600292737 /* NeshanAPI */;
			targetProxy = 11B561F92C8F165800292737 /* PBXContainerItemProxy */;
		};
		11B562042C8F165800292737 /* PBXTargetDependency */ = {
			isa = PBXTargetDependency;
			target = 11B561E12C8F165600292737 /* NeshanAPI */;
			targetProxy = 11B562032C8F165800292737 /* PBXContainerItemProxy */;
		};
/* End PBXTargetDependency section */

/* Begin PBXVariantGroup section */
		11B561EB2C8F165600292737 /* Main.storyboard */ = {
			isa = PBXVariantGroup;
			children = (
				11B561EC2C8F165600292737 /* Base */,
			);
			name = Main.storyboard;
			sourceTree = "<group>";
		};
		11B561F02C8F165800292737 /* LaunchScreen.storyboard */ = {
			isa = PBXVariantGroup;
			children = (
				11B561F12C8F165800292737 /* Base */,
			);
			name = LaunchScreen.storyboard;
			sourceTree = "<group>";
		};
/* End PBXVariantGroup section */

/* Begin XCBuildConfiguration section */
		11B5620A2C8F165800292737 /* Debug */ = {
			isa = XCBuildConfiguration;
			buildSettings = {
				ALWAYS_SEARCH_USER_PATHS = NO;
				ASSETCATALOG_COMPILER_GENERATE_SWIFT_ASSET_SYMBOL_EXTENSIONS = YES;
				CLANG_ANALYZER_NONNULL = YES;
				CLANG_ANALYZER_NUMBER_OBJECT_CONVERSION = YES_AGGRESSIVE;
				CLANG_CXX_LANGUAGE_STANDARD = "gnu++20";
				CLANG_ENABLE_MODULES = YES;
				CLANG_ENABLE_OBJC_ARC = YES;
				CLANG_ENABLE_OBJC_WEAK = YES;
				CLANG_WARN_BLOCK_CAPTURE_AUTORELEASING = YES;
				CLANG_WARN_BOOL_CONVERSION = YES;
				CLANG_WARN_COMMA = YES;
				CLANG_WARN_CONSTANT_CONVERSION = YES;
				CLANG_WARN_DEPRECATED_OBJC_IMPLEMENTATIONS = YES;
				CLANG_WARN_DIRECT_OBJC_ISA_USAGE = YES_ERROR;
				CLANG_WARN_DOCUMENTATION_COMMENTS = YES;
				CLANG_WARN_EMPTY_BODY = YES;
				CLANG_WARN_ENUM_CONVERSION = YES;
				CLANG_WARN_INFINITE_RECURSION = YES;
				CLANG_WARN_INT_CONVERSION = YES;
				CLANG_WARN_NON_LITERAL_NULL_CONVERSION = YES;
				CLANG_WARN_OBJC_IMPLICIT_RETAIN_SELF = YES;
				CLANG_WARN_OBJC_LITERAL_CONVERSION = YES;
				CLANG_WARN_OBJC_ROOT_CLASS = YES_ERROR;
				CLANG_WARN_QUOTED_INCLUDE_IN_FRAMEWORK_HEADER = YES;
				CLANG_WARN_RANGE_LOOP_ANALYSIS = YES;
				CLANG_WARN_STRICT_PROTOTYPES = YES;
				CLANG_WARN_SUSPICIOUS_MOVE = YES;
				CLANG_WARN_UNGUARDED_AVAILABILITY = YES_AGGRESSIVE;
				CLANG_WARN_UNREACHABLE_CODE = YES;
				CLANG_WARN__DUPLICATE_METHOD_MATCH = YES;
				COPY_PHASE_STRIP = NO;
				DEBUG_INFORMATION_FORMAT = dwarf;
				ENABLE_STRICT_OBJC_MSGSEND = YES;
				ENABLE_TESTABILITY = YES;
				ENABLE_USER_SCRIPT_SANDBOXING = YES;
				GCC_C_LANGUAGE_STANDARD = gnu17;
				GCC_DYNAMIC_NO_PIC = NO;
				GCC_NO_COMMON_BLOCKS = YES;
				GCC_OPTIMIZATION_LEVEL = 0;
				GCC_PREPROCESSOR_DEFINITIONS = (
					"DEBUG=1",
					"$(inherited)",
				);
				GCC_WARN_64_TO_32_BIT_CONVERSION = YES;
				GCC_WARN_ABOUT_RETURN_TYPE = YES_ERROR;
				GCC_WARN_UNDECLARED_SELECTOR = YES;
				GCC_WARN_UNINITIALIZED_AUTOS = YES_AGGRESSIVE;
				GCC_WARN_UNUSED_FUNCTION = YES;
				GCC_WARN_UNUSED_VARIABLE = YES;
				IPHONEOS_DEPLOYMENT_TARGET = 17.5;
				LOCALIZATION_PREFERS_STRING_CATALOGS = YES;
				MTL_ENABLE_DEBUG_INFO = INCLUDE_SOURCE;
				MTL_FAST_MATH = YES;
				ONLY_ACTIVE_ARCH = YES;
				SDKROOT = iphoneos;
				SWIFT_ACTIVE_COMPILATION_CONDITIONS = "DEBUG $(inherited)";
				SWIFT_OPTIMIZATION_LEVEL = "-Onone";
			};
			name = Debug;
		};
		11B5620B2C8F165800292737 /* Release */ = {
			isa = XCBuildConfiguration;
			buildSettings = {
				ALWAYS_SEARCH_USER_PATHS = NO;
				ASSETCATALOG_COMPILER_GENERATE_SWIFT_ASSET_SYMBOL_EXTENSIONS = YES;
				CLANG_ANALYZER_NONNULL = YES;
				CLANG_ANALYZER_NUMBER_OBJECT_CONVERSION = YES_AGGRESSIVE;
				CLANG_CXX_LANGUAGE_STANDARD = "gnu++20";
				CLANG_ENABLE_MODULES = YES;
				CLANG_ENABLE_OBJC_ARC = YES;
				CLANG_ENABLE_OBJC_WEAK = YES;
				CLANG_WARN_BLOCK_CAPTURE_AUTORELEASING = YES;
				CLANG_WARN_BOOL_CONVERSION = YES;
				CLANG_WARN_COMMA = YES;
				CLANG_WARN_CONSTANT_CONVERSION = YES;
				CLANG_WARN_DEPRECATED_OBJC_IMPLEMENTATIONS = YES;
				CLANG_WARN_DIRECT_OBJC_ISA_USAGE = YES_ERROR;
				CLANG_WARN_DOCUMENTATION_COMMENTS = YES;
				CLANG_WARN_EMPTY_BODY = YES;
				CLANG_WARN_ENUM_CONVERSION = YES;
				CLANG_WARN_INFINITE_RECURSION = YES;
				CLANG_WARN_INT_CONVERSION = YES;
				CLANG_WARN_NON_LITERAL_NULL_CONVERSION = YES;
				CLANG_WARN_OBJC_IMPLICIT_RETAIN_SELF = YES;
				CLANG_WARN_OBJC_LITERAL_CONVERSION = YES;
				CLANG_WARN_OBJC_ROOT_CLASS = YES_ERROR;
				CLANG_WARN_QUOTED_INCLUDE_IN_FRAMEWORK_HEADER = YES;
				CLANG_WARN_RANGE_LOOP_ANALYSIS = YES;
				CLANG_WARN_STRICT_PROTOTYPES = YES;
				CLANG_WARN_SUSPICIOUS_MOVE = YES;
				CLANG_WARN_UNGUARDED_AVAILABILITY = YES_AGGRESSIVE;
				CLANG_WARN_UNREACHABLE_CODE = YES;
				CLANG_WARN__DUPLICATE_METHOD_MATCH = YES;
				COPY_PHASE_STRIP = NO;
				DEBUG_INFORMATION_FORMAT = "dwarf-with-dsym";
				ENABLE_NS_ASSERTIONS = NO;
				ENABLE_STRICT_OBJC_MSGSEND = YES;
				ENABLE_USER_SCRIPT_SANDBOXING = YES;
				GCC_C_LANGUAGE_STANDARD = gnu17;
				GCC_NO_COMMON_BLOCKS = YES;
				GCC_WARN_64_TO_32_BIT_CONVERSION = YES;
				GCC_WARN_ABOUT_RETURN_TYPE = YES_ERROR;
				GCC_WARN_UNDECLARED_SELECTOR = YES;
				GCC_WARN_UNINITIALIZED_AUTOS = YES_AGGRESSIVE;
				GCC_WARN_UNUSED_FUNCTION = YES;
				GCC_WARN_UNUSED_VARIABLE = YES;
				IPHONEOS_DEPLOYMENT_TARGET = 17.5;
				LOCALIZATION_PREFERS_STRING_CATALOGS = YES;
				MTL_ENABLE_DEBUG_INFO = NO;
				MTL_FAST_MATH = YES;
				SDKROOT = iphoneos;
				SWIFT_COMPILATION_MODE = wholemodule;
				VALIDATE_PRODUCT = YES;
			};
			name = Release;
		};
		11B5620D2C8F165800292737 /* Debug */ = {
			isa = XCBuildConfiguration;
			buildSettings = {
				ASSETCATALOG_COMPILER_APPICON_NAME = AppIcon;
				ASSETCATALOG_COMPILER_GLOBAL_ACCENT_COLOR_NAME = AccentColor;
				CODE_SIGN_STYLE = Automatic;
				CURRENT_PROJECT_VERSION = 1;
				DEVELOPMENT_TEAM = 5Q3Y63FUV7;
				GENERATE_INFOPLIST_FILE = YES;
				INFOPLIST_FILE = NeshanAPI/SupportingFiles/Info.plist;
				INFOPLIST_KEY_NSLocationWhenInUseUsageDescription = "This app needs your app to work.";
				INFOPLIST_KEY_UIApplicationSupportsIndirectInputEvents = YES;
				INFOPLIST_KEY_UILaunchStoryboardName = LaunchScreen;
				INFOPLIST_KEY_UIMainStoryboardFile = Main;
				INFOPLIST_KEY_UISupportedInterfaceOrientations_iPad = "UIInterfaceOrientationPortrait UIInterfaceOrientationPortraitUpsideDown UIInterfaceOrientationLandscapeLeft UIInterfaceOrientationLandscapeRight";
				INFOPLIST_KEY_UISupportedInterfaceOrientations_iPhone = "UIInterfaceOrientationPortrait UIInterfaceOrientationLandscapeLeft UIInterfaceOrientationLandscapeRight";
				LD_RUNPATH_SEARCH_PATHS = (
					"$(inherited)",
					"@executable_path/Frameworks",
				);
				MARKETING_VERSION = 1.0;
				PRODUCT_BUNDLE_IDENTIFIER = com.mahdi.NeshanAPI;
				PRODUCT_NAME = "$(TARGET_NAME)";
				SWIFT_EMIT_LOC_STRINGS = YES;
				SWIFT_VERSION = 5.0;
				TARGETED_DEVICE_FAMILY = "1,2";
			};
			name = Debug;
		};
		11B5620E2C8F165800292737 /* Release */ = {
			isa = XCBuildConfiguration;
			buildSettings = {
				ASSETCATALOG_COMPILER_APPICON_NAME = AppIcon;
				ASSETCATALOG_COMPILER_GLOBAL_ACCENT_COLOR_NAME = AccentColor;
				CODE_SIGN_STYLE = Automatic;
				CURRENT_PROJECT_VERSION = 1;
				DEVELOPMENT_TEAM = 5Q3Y63FUV7;
				GENERATE_INFOPLIST_FILE = YES;
				INFOPLIST_FILE = NeshanAPI/SupportingFiles/Info.plist;
				INFOPLIST_KEY_NSLocationWhenInUseUsageDescription = "This app needs your app to work.";
				INFOPLIST_KEY_UIApplicationSupportsIndirectInputEvents = YES;
				INFOPLIST_KEY_UILaunchStoryboardName = LaunchScreen;
				INFOPLIST_KEY_UIMainStoryboardFile = Main;
				INFOPLIST_KEY_UISupportedInterfaceOrientations_iPad = "UIInterfaceOrientationPortrait UIInterfaceOrientationPortraitUpsideDown UIInterfaceOrientationLandscapeLeft UIInterfaceOrientationLandscapeRight";
				INFOPLIST_KEY_UISupportedInterfaceOrientations_iPhone = "UIInterfaceOrientationPortrait UIInterfaceOrientationLandscapeLeft UIInterfaceOrientationLandscapeRight";
				LD_RUNPATH_SEARCH_PATHS = (
					"$(inherited)",
					"@executable_path/Frameworks",
				);
				MARKETING_VERSION = 1.0;
				PRODUCT_BUNDLE_IDENTIFIER = com.mahdi.NeshanAPI;
				PRODUCT_NAME = "$(TARGET_NAME)";
				SWIFT_EMIT_LOC_STRINGS = YES;
				SWIFT_VERSION = 5.0;
				TARGETED_DEVICE_FAMILY = "1,2";
			};
			name = Release;
		};
		11B562102C8F165800292737 /* Debug */ = {
			isa = XCBuildConfiguration;
			buildSettings = {
				ALWAYS_EMBED_SWIFT_STANDARD_LIBRARIES = YES;
				BUNDLE_LOADER = "$(TEST_HOST)";
				CODE_SIGN_STYLE = Automatic;
				CURRENT_PROJECT_VERSION = 1;
				DEVELOPMENT_TEAM = 5Q3Y63FUV7;
				GENERATE_INFOPLIST_FILE = YES;
				IPHONEOS_DEPLOYMENT_TARGET = 17.5;
				MARKETING_VERSION = 1.0;
				PRODUCT_BUNDLE_IDENTIFIER = com.mahdi.NeshanAPITests;
				PRODUCT_NAME = "$(TARGET_NAME)";
				SWIFT_EMIT_LOC_STRINGS = NO;
				SWIFT_VERSION = 5.0;
				TARGETED_DEVICE_FAMILY = "1,2";
				TEST_HOST = "$(BUILT_PRODUCTS_DIR)/NeshanAPI.app/$(BUNDLE_EXECUTABLE_FOLDER_PATH)/NeshanAPI";
			};
			name = Debug;
		};
		11B562112C8F165800292737 /* Release */ = {
			isa = XCBuildConfiguration;
			buildSettings = {
				ALWAYS_EMBED_SWIFT_STANDARD_LIBRARIES = YES;
				BUNDLE_LOADER = "$(TEST_HOST)";
				CODE_SIGN_STYLE = Automatic;
				CURRENT_PROJECT_VERSION = 1;
				DEVELOPMENT_TEAM = 5Q3Y63FUV7;
				GENERATE_INFOPLIST_FILE = YES;
				IPHONEOS_DEPLOYMENT_TARGET = 17.5;
				MARKETING_VERSION = 1.0;
				PRODUCT_BUNDLE_IDENTIFIER = com.mahdi.NeshanAPITests;
				PRODUCT_NAME = "$(TARGET_NAME)";
				SWIFT_EMIT_LOC_STRINGS = NO;
				SWIFT_VERSION = 5.0;
				TARGETED_DEVICE_FAMILY = "1,2";
				TEST_HOST = "$(BUILT_PRODUCTS_DIR)/NeshanAPI.app/$(BUNDLE_EXECUTABLE_FOLDER_PATH)/NeshanAPI";
			};
			name = Release;
		};
		11B562132C8F165800292737 /* Debug */ = {
			isa = XCBuildConfiguration;
			buildSettings = {
				ALWAYS_EMBED_SWIFT_STANDARD_LIBRARIES = YES;
				CODE_SIGN_STYLE = Automatic;
				CURRENT_PROJECT_VERSION = 1;
				DEVELOPMENT_TEAM = 5Q3Y63FUV7;
				GENERATE_INFOPLIST_FILE = YES;
				MARKETING_VERSION = 1.0;
				PRODUCT_BUNDLE_IDENTIFIER = com.mahdi.NeshanAPIUITests;
				PRODUCT_NAME = "$(TARGET_NAME)";
				SWIFT_EMIT_LOC_STRINGS = NO;
				SWIFT_VERSION = 5.0;
				TARGETED_DEVICE_FAMILY = "1,2";
				TEST_TARGET_NAME = NeshanAPI;
			};
			name = Debug;
		};
		11B562142C8F165800292737 /* Release */ = {
			isa = XCBuildConfiguration;
			buildSettings = {
				ALWAYS_EMBED_SWIFT_STANDARD_LIBRARIES = YES;
				CODE_SIGN_STYLE = Automatic;
				CURRENT_PROJECT_VERSION = 1;
				DEVELOPMENT_TEAM = 5Q3Y63FUV7;
				GENERATE_INFOPLIST_FILE = YES;
				MARKETING_VERSION = 1.0;
				PRODUCT_BUNDLE_IDENTIFIER = com.mahdi.NeshanAPIUITests;
				PRODUCT_NAME = "$(TARGET_NAME)";
				SWIFT_EMIT_LOC_STRINGS = NO;
				SWIFT_VERSION = 5.0;
				TARGETED_DEVICE_FAMILY = "1,2";
				TEST_TARGET_NAME = NeshanAPI;
			};
			name = Release;
		};
/* End XCBuildConfiguration section */

/* Begin XCConfigurationList section */
		11B561DD2C8F165600292737 /* Build configuration list for PBXProject "NeshanAPI" */ = {
			isa = XCConfigurationList;
			buildConfigurations = (
				11B5620A2C8F165800292737 /* Debug */,
				11B5620B2C8F165800292737 /* Release */,
			);
			defaultConfigurationIsVisible = 0;
			defaultConfigurationName = Release;
		};
		11B5620C2C8F165800292737 /* Build configuration list for PBXNativeTarget "NeshanAPI" */ = {
			isa = XCConfigurationList;
			buildConfigurations = (
				11B5620D2C8F165800292737 /* Debug */,
				11B5620E2C8F165800292737 /* Release */,
			);
			defaultConfigurationIsVisible = 0;
			defaultConfigurationName = Release;
		};
		11B5620F2C8F165800292737 /* Build configuration list for PBXNativeTarget "NeshanAPITests" */ = {
			isa = XCConfigurationList;
			buildConfigurations = (
				11B562102C8F165800292737 /* Debug */,
				11B562112C8F165800292737 /* Release */,
			);
			defaultConfigurationIsVisible = 0;
			defaultConfigurationName = Release;
		};
		11B562122C8F165800292737 /* Build configuration list for PBXNativeTarget "NeshanAPIUITests" */ = {
			isa = XCConfigurationList;
			buildConfigurations = (
				11B562132C8F165800292737 /* Debug */,
				11B562142C8F165800292737 /* Release */,
			);
			defaultConfigurationIsVisible = 0;
			defaultConfigurationName = Release;
		};
/* End XCConfigurationList section */
	};
	rootObject = 11B561DA2C8F165600292737 /* Project object */;
}
